// !$*UTF8*$!
{
	archiveVersion = 1;
	classes = {
	};
	objectVersion = 60;
	objects = {

/* Begin PBXBuildFile section */
		1A2B3C0000000000000004BB /* MarkdownEngineDemoApp.swift in Sources */ = {isa = PBXBuildFile; fileRef = 1A2B3C0000000000000004AA /* MarkdownEngineDemoApp.swift */; };
		1A2B3C0000000000000005BB /* ContentView.swift in Sources */ = {isa = PBXBuildFile; fileRef = 1A2B3C0000000000000005AA /* ContentView.swift */; };
		1A2B3C0000000000000010BB /* DemoDirectives.swift in Sources */ = {isa = PBXBuildFile; fileRef = 1A2B3C0000000000000010AA /* DemoDirectives.swift */; };
		1A2B3C0000000000000006BB /* MDE.icon in Resources */ = {isa = PBXBuildFile; fileRef = 1A2B3C0000000000000006AA /* MDE.icon */; };
		1A2B3C0000000000000007CC /* MarkdownEngine in Frameworks */ = {isa = PBXBuildFile; productRef = 1A2B3C0000000000000007BB /* MarkdownEngine */; };
		1A2B3C0000000000000008BB /* MarkdownEngineCodeBlocks in Frameworks */ = {isa = PBXBuildFile; productRef = 1A2B3C0000000000000008AA /* MarkdownEngineCodeBlocks */; };
		1A2B3C0000000000000009BB /* MarkdownEngineLatex in Frameworks */ = {isa = PBXBuildFile; productRef = 1A2B3C0000000000000009AA /* MarkdownEngineLatex */; };
/* End PBXBuildFile section */

/* Begin PBXFileReference section */
		1A2B3C0000000000000003DD /* MarkdownEngineDemo.app */ = {isa = PBXFileReference; explicitFileType = wrapper.application; includeInIndex = 0; path = MarkdownEngineDemo.app; sourceTree = BUILT_PRODUCTS_DIR; };
		1A2B3C0000000000000004AA /* MarkdownEngineDemoApp.swift */ = {isa = PBXFileReference; lastKnownFileType = sourcecode.swift; path = MarkdownEngineDemoApp.swift; sourceTree = "<group>"; };
		1A2B3C0000000000000005AA /* ContentView.swift */ = {isa = PBXFileReference; lastKnownFileType = sourcecode.swift; path = ContentView.swift; sourceTree = "<group>"; };
		1A2B3C0000000000000010AA /* DemoDirectives.swift */ = {isa = PBXFileReference; lastKnownFileType = sourcecode.swift; path = DemoDirectives.swift; sourceTree = "<group>"; };
		1A2B3C0000000000000006AA /* MDE.icon */ = {isa = PBXFileReference; lastKnownFileType = folder.iconcomposer.icon; path = MDE.icon; sourceTree = "<group>"; };
/* End PBXFileReference section */

/* Begin PBXFrameworksBuildPhase section */
		1A2B3C0000000000000003BB /* Frameworks */ = {
			isa = PBXFrameworksBuildPhase;
			buildActionMask = 2147483647;
			files = (
				1A2B3C0000000000000007CC /* MarkdownEngine in Frameworks */,
				1A2B3C0000000000000008BB /* MarkdownEngineCodeBlocks in Frameworks */,
				1A2B3C0000000000000009BB /* MarkdownEngineLatex in Frameworks */,
			);
			runOnlyForDeploymentPostprocessing = 0;
		};
/* End PBXFrameworksBuildPhase section */

/* Begin PBXGroup section */
		1A2B3C0000000000000001BB = {
			isa = PBXGroup;
			children = (
				1A2B3C0000000000000001DD /* MarkdownEngineDemo */,
				1A2B3C0000000000000001CC /* Products */,
			);
			sourceTree = "<group>";
		};
		1A2B3C0000000000000001CC /* Products */ = {
			isa = PBXGroup;
			children = (
				1A2B3C0000000000000003DD /* MarkdownEngineDemo.app */,
			);
			name = Products;
			sourceTree = "<group>";
		};
		1A2B3C0000000000000001DD /* MarkdownEngineDemo */ = {
			isa = PBXGroup;
			children = (
				1A2B3C0000000000000004AA /* MarkdownEngineDemoApp.swift */,
				1A2B3C0000000000000005AA /* ContentView.swift */,
				1A2B3C0000000000000010AA /* DemoDirectives.swift */,
				1A2B3C0000000000000006AA /* MDE.icon */,
			);
			path = MarkdownEngineDemo;
			sourceTree = "<group>";
		};
/* End PBXGroup section */

/* Begin PBXNativeTarget section */
		1A2B3C0000000000000001EE /* MarkdownEngineDemo */ = {
			isa = PBXNativeTarget;
			buildConfigurationList = 1A2B3C0000000000000001FF /* Build configuration list for PBXNativeTarget "MarkdownEngineDemo" */;
			buildPhases = (
				1A2B3C0000000000000003AA /* Sources */,
				1A2B3C0000000000000003BB /* Frameworks */,
				1A2B3C0000000000000003CC /* Resources */,
			);
			buildRules = (
			);
			dependencies = (
			);
			name = MarkdownEngineDemo;
			packageProductDependencies = (
				1A2B3C0000000000000007BB /* MarkdownEngine */,
				1A2B3C0000000000000008AA /* MarkdownEngineCodeBlocks */,
				1A2B3C0000000000000009AA /* MarkdownEngineLatex */,
			);
			productName = MarkdownEngineDemo;
			productReference = 1A2B3C0000000000000003DD /* MarkdownEngineDemo.app */;
			productType = "com.apple.product-type.application";
		};
/* End PBXNativeTarget section */

/* Begin PBXProject section */
		1A2B3C0000000000000001AA /* Project object */ = {
			isa = PBXProject;
			attributes = {
				BuildIndependentTargetsInParallel = 1;
				LastSwiftUpdateCheck = 1500;
				LastUpgradeCheck = 1500;
				TargetAttributes = {
					1A2B3C0000000000000001EE = {
						CreatedOnToolsVersion = 15.0;
					};
				};
			};
			buildConfigurationList = 1A2B3C0000000000000002AA /* Build configuration list for PBXProject "MarkdownEngineDemo" */;
			compatibilityVersion = "Xcode 14.0";
			developmentRegion = en;
			hasScannedForEncodings = 0;
			knownRegions = (
				en,
				Base,
			);
			mainGroup = 1A2B3C0000000000000001BB;
			packageReferences = (
				1A2B3C0000000000000007AA /* XCLocalSwiftPackageReference ".." */,
			);
			productRefGroup = 1A2B3C0000000000000001CC /* Products */;
			projectDirPath = "";
			projectRoot = "";
			targets = (
				1A2B3C0000000000000001EE /* MarkdownEngineDemo */,
			);
		};
/* End PBXProject section */

/* Begin PBXResourcesBuildPhase section */
		1A2B3C0000000000000003CC /* Resources */ = {
			isa = PBXResourcesBuildPhase;
			buildActionMask = 2147483647;
			files = (
				1A2B3C0000000000000006BB /* MDE.icon in Resources */,
			);
			runOnlyForDeploymentPostprocessing = 0;
		};
/* End PBXResourcesBuildPhase section */

/* Begin PBXSourcesBuildPhase section */
		1A2B3C0000000000000003AA /* Sources */ = {
			isa = PBXSourcesBuildPhase;
			buildActionMask = 2147483647;
			files = (
				1A2B3C0000000000000004BB /* MarkdownEngineDemoApp.swift in Sources */,
				1A2B3C0000000000000005BB /* ContentView.swift in Sources */,
				1A2B3C0000000000000010BB /* DemoDirectives.swift in Sources */,
			);
			runOnlyForDeploymentPostprocessing = 0;
		};
/* End PBXSourcesBuildPhase section */

/* Begin XCBuildConfiguration section */
		1A2B3C0000000000000002BB /* Debug */ = {
			isa = XCBuildConfiguration;
			buildSettings = {
				ASSETCATALOG_COMPILER_APPICON_NAME = MDE;
				CODE_SIGN_IDENTITY = "-";
				CODE_SIGN_STYLE = Automatic;
				COMBINE_HIDPI_IMAGES = YES;
				CURRENT_PROJECT_VERSION = 1;
				ENABLE_HARDENED_RUNTIME = YES;
				ENABLE_PREVIEWS = YES;
				GENERATE_INFOPLIST_FILE = YES;
				INFOPLIST_KEY_CFBundleDisplayName = "MarkdownEngine Demo";
				INFOPLIST_KEY_NSHumanReadableCopyright = "";
				LD_RUNPATH_SEARCH_PATHS = (
					"$(inherited)",
					"@executable_path/../Frameworks",
				);
				MACOSX_DEPLOYMENT_TARGET = 14.0;
				MARKETING_VERSION = 1.0;
				PRODUCT_BUNDLE_IDENTIFIER = "com.nodes-app.MarkdownEngineDemo";
				PRODUCT_NAME = "$(TARGET_NAME)";
				SWIFT_EMIT_LOC_STRINGS = YES;
				SWIFT_VERSION = 5.0;
			};
			name = Debug;
		};
		1A2B3C0000000000000002CC /* Release */ = {
			isa = XCBuildConfiguration;
			buildSettings = {
				ASSETCATALOG_COMPILER_APPICON_NAME = MDE;
				CODE_SIGN_IDENTITY = "-";
				CODE_SIGN_STYLE = Automatic;
				COMBINE_HIDPI_IMAGES = YES;
				CURRENT_PROJECT_VERSION = 1;
				ENABLE_HARDENED_RUNTIME = YES;
				ENABLE_PREVIEWS = YES;
				GENERATE_INFOPLIST_FILE = YES;
				INFOPLIST_KEY_CFBundleDisplayName = "MarkdownEngine Demo";
				INFOPLIST_KEY_NSHumanReadableCopyright = "";
				LD_RUNPATH_SEARCH_PATHS = (
					"$(inherited)",
					"@executable_path/../Frameworks",
				);
				MACOSX_DEPLOYMENT_TARGET = 14.0;
				MARKETING_VERSION = 1.0;
				PRODUCT_BUNDLE_IDENTIFIER = "com.nodes-app.MarkdownEngineDemo";
				PRODUCT_NAME = "$(TARGET_NAME)";
				SWIFT_EMIT_LOC_STRINGS = YES;
				SWIFT_VERSION = 5.0;
			};
			name = Release;
		};
		1A2B3C0000000000000002DD /* Debug */ = {
			isa = XCBuildConfiguration;
			buildSettings = {
				ALWAYS_SEARCH_USER_PATHS = NO;
				CLANG_ANALYZER_NONNULL = YES;
				CLANG_ANALYZER_NUMBER_OBJECT_CONVERSION = YES_AGGRESSIVE;
				CLANG_CXX_LANGUAGE_STANDARD = "gnu++20";
				CLANG_ENABLE_MODULES = YES;
				CLANG_ENABLE_OBJC_ARC = YES;
				CLANG_ENABLE_OBJC_WEAK = YES;
				CLANG_WARN_BLOCK_CAPTURE_AUTORELEASING = YES;
				CLANG_WARN_BOOL_CONVERSION = YES;
				CLANG_WARN_COMMA = YES;
				CLANG_WARN_CONSTANT_CONVERSION = YES;
				CLANG_WARN_DEPRECATED_OBJC_IMPLEMENTATIONS = YES;
				CLANG_WARN_DIRECT_OBJC_ISA_USAGE = YES_ERROR;
				CLANG_WARN_DOCUMENTATION_COMMENTS = YES;
				CLANG_WARN_EMPTY_BODY = YES;
				CLANG_WARN_ENUM_CONVERSION = YES;
				CLANG_WARN_INFINITE_RECURSION = YES;
				CLANG_WARN_INT_CONVERSION = YES;
				CLANG_WARN_NON_LITERAL_NULL_CONVERSION = YES;
				CLANG_WARN_OBJC_IMPLICIT_RETAIN_SELF = YES;
				CLANG_WARN_OBJC_LITERAL_CONVERSION = YES;
				CLANG_WARN_OBJC_ROOT_CLASS = YES_ERROR;
				CLANG_WARN_QUOTED_INCLUDE_IN_FRAMEWORK_HEADER = YES;
				CLANG_WARN_RANGE_LOOP_ANALYSIS = YES;
				CLANG_WARN_STRICT_PROTOTYPES = YES;
				CLANG_WARN_SUSPICIOUS_MOVE = YES;
				CLANG_WARN_UNGUARDED_AVAILABILITY = YES_AGGRESSIVE;
				CLANG_WARN_UNREACHABLE_CODE = YES;
				CLANG_WARN__DUPLICATE_METHOD_MATCH = YES;
				COPY_PHASE_STRIP = NO;
				DEBUG_INFORMATION_FORMAT = dwarf;
				ENABLE_STRICT_OBJC_MSGSEND = YES;
				ENABLE_TESTABILITY = YES;
				ENABLE_USER_SCRIPT_SANDBOXING = YES;
				GCC_C_LANGUAGE_STANDARD = gnu17;
				GCC_DYNAMIC_NO_PIC = NO;
				GCC_NO_COMMON_BLOCKS = YES;
				GCC_OPTIMIZATION_LEVEL = 0;
				GCC_PREPROCESSOR_DEFINITIONS = (
					"DEBUG=1",
					"$(inherited)",
				);
				GCC_WARN_64_TO_32_BIT_CONVERSION = YES;
				GCC_WARN_ABOUT_RETURN_TYPE = YES_ERROR;
				GCC_WARN_UNDECLARED_SELECTOR = YES;
				GCC_WARN_UNINITIALIZED_AUTOS = YES_AGGRESSIVE;
				GCC_WARN_UNUSED_FUNCTION = YES;
				GCC_WARN_UNUSED_VARIABLE = YES;
				LOCALIZATION_PREFERS_STRING_CATALOGS = YES;
				MACOSX_DEPLOYMENT_TARGET = 14.0;
				MTL_ENABLE_DEBUG_INFO = INCLUDE_SOURCE;
				MTL_FAST_MATH = YES;
				ONLY_ACTIVE_ARCH = YES;
				SDKROOT = macosx;
				SWIFT_ACTIVE_COMPILATION_CONDITIONS = "DEBUG $(inherited)";
				SWIFT_OPTIMIZATION_LEVEL = "-Onone";
			};
			name = Debug;
		};
		1A2B3C0000000000000002EE /* Release */ = {
			isa = XCBuildConfiguration;
			buildSettings = {
				ALWAYS_SEARCH_USER_PATHS = NO;
				CLANG_ANALYZER_NONNULL = YES;
				CLANG_ANALYZER_NUMBER_OBJECT_CONVERSION = YES_AGGRESSIVE;
				CLANG_CXX_LANGUAGE_STANDARD = "gnu++20";
				CLANG_ENABLE_MODULES = YES;
				CLANG_ENABLE_OBJC_ARC = YES;
				CLANG_ENABLE_OBJC_WEAK = YES;
				CLANG_WARN_BLOCK_CAPTURE_AUTORELEASING = YES;
				CLANG_WARN_BOOL_CONVERSION = YES;
				CLANG_WARN_COMMA = YES;
				CLANG_WARN_CONSTANT_CONVERSION = YES;
				CLANG_WARN_DEPRECATED_OBJC_IMPLEMENTATIONS = YES;
				CLANG_WARN_DIRECT_OBJC_ISA_USAGE = YES_ERROR;
				CLANG_WARN_DOCUMENTATION_COMMENTS = YES;
				CLANG_WARN_EMPTY_BODY = YES;
				CLANG_WARN_ENUM_CONVERSION = YES;
				CLANG_WARN_INFINITE_RECURSION = YES;
				CLANG_WARN_INT_CONVERSION = YES;
				CLANG_WARN_NON_LITERAL_NULL_CONVERSION = YES;
				CLANG_WARN_OBJC_IMPLICIT_RETAIN_SELF = YES;
				CLANG_WARN_OBJC_LITERAL_CONVERSION = YES;
				CLANG_WARN_OBJC_ROOT_CLASS = YES_ERROR;
				CLANG_WARN_QUOTED_INCLUDE_IN_FRAMEWORK_HEADER = YES;
				CLANG_WARN_RANGE_LOOP_ANALYSIS = YES;
				CLANG_WARN_STRICT_PROTOTYPES = YES;
				CLANG_WARN_SUSPICIOUS_MOVE = YES;
				CLANG_WARN_UNGUARDED_AVAILABILITY = YES_AGGRESSIVE;
				CLANG_WARN_UNREACHABLE_CODE = YES;
				CLANG_WARN__DUPLICATE_METHOD_MATCH = YES;
				COPY_PHASE_STRIP = NO;
				DEBUG_INFORMATION_FORMAT = "dwarf-with-dsym";
				ENABLE_NS_ASSERTIONS = NO;
				ENABLE_STRICT_OBJC_MSGSEND = YES;
				ENABLE_USER_SCRIPT_SANDBOXING = YES;
				GCC_C_LANGUAGE_STANDARD = gnu17;
				GCC_NO_COMMON_BLOCKS = YES;
				GCC_WARN_64_TO_32_BIT_CONVERSION = YES;
				GCC_WARN_ABOUT_RETURN_TYPE = YES_ERROR;
				GCC_WARN_UNDECLARED_SELECTOR = YES;
				GCC_WARN_UNINITIALIZED_AUTOS = YES_AGGRESSIVE;
				GCC_WARN_UNUSED_FUNCTION = YES;
				GCC_WARN_UNUSED_VARIABLE = YES;
				LOCALIZATION_PREFERS_STRING_CATALOGS = YES;
				MACOSX_DEPLOYMENT_TARGET = 14.0;
				MTL_ENABLE_DEBUG_INFO = NO;
				MTL_FAST_MATH = YES;
				SDKROOT = macosx;
				SWIFT_COMPILATION_MODE = wholemodule;
			};
			name = Release;
		};
/* End XCBuildConfiguration section */

/* Begin XCConfigurationList section */
		1A2B3C0000000000000001FF /* Build configuration list for PBXNativeTarget "MarkdownEngineDemo" */ = {
			isa = XCConfigurationList;
			buildConfigurations = (
				1A2B3C0000000000000002BB /* Debug */,
				1A2B3C0000000000000002CC /* Release */,
			);
			defaultConfigurationIsVisible = 0;
			defaultConfigurationName = Release;
		};
		1A2B3C0000000000000002AA /* Build configuration list for PBXProject "MarkdownEngineDemo" */ = {
			isa = XCConfigurationList;
			buildConfigurations = (
				1A2B3C0000000000000002DD /* Debug */,
				1A2B3C0000000000000002EE /* Release */,
			);
			defaultConfigurationIsVisible = 0;
			defaultConfigurationName = Release;
		};
/* End XCConfigurationList section */

/* Begin XCLocalSwiftPackageReference section */
		1A2B3C0000000000000007AA /* XCLocalSwiftPackageReference ".." */ = {
			isa = XCLocalSwiftPackageReference;
			relativePath = ..;
		};
/* End XCLocalSwiftPackageReference section */

/* Begin XCSwiftPackageProductDependency section */
		1A2B3C0000000000000007BB /* MarkdownEngine */ = {
			isa = XCSwiftPackageProductDependency;
			productName = MarkdownEngine;
		};
		1A2B3C0000000000000008AA /* MarkdownEngineCodeBlocks */ = {
			isa = XCSwiftPackageProductDependency;
			productName = MarkdownEngineCodeBlocks;
		};
		1A2B3C0000000000000009AA /* MarkdownEngineLatex */ = {
			isa = XCSwiftPackageProductDependency;
			productName = MarkdownEngineLatex;
		};
/* End XCSwiftPackageProductDependency section */
	};
	rootObject = 1A2B3C0000000000000001AA /* Project object */;
}
